// !$*UTF8*$!
{
	archiveVersion = 1;
	classes = {
	};
	objectVersion = 77;
	objects = {

/* Begin PBXContainerItemProxy section */
		1555E2602F228E63005C48B7 /* PBXContainerItemProxy */ = {
			isa = PBXContainerItemProxy;
			containerPortal = 1555E2452F228E62005C48B7 /* Project object */;
			proxyType = 1;
			remoteGlobalIDString = 1555E24C2F228E63005C48B7;
			remoteInfo = PromtLearn;
		};
		1555E26A2F228E63005C48B7 /* PBXContainerItemProxy */ = {
			isa = PBXContainerItemProxy;
			containerPortal = 1555E2452F228E62005C48B7 /* Project object */;
			proxyType = 1;
			remoteGlobalIDString = 1555E24C2F228E63005C48B7;
			remoteInfo = PromtLearn;
		};
/* End PBXContainerItemProxy section */

/* Begin PBXFileReference section */
		1555E24D2F228E63005C48B7 /* PromtLearn.app */ = {isa = PBXFileReference; explicitFileType = wrapper.application; includeInIndex = 0; path = PromtLearn.app; sourceTree = BUILT_PRODUCTS_DIR; };
		1555E25F2F228E63005C48B7 /* PromtLearnTests.xctest */ = {isa = PBXFileReference; explicitFileType = wrapper.cfbundle; includeInIndex = 0; path = PromtLearnTests.xctest; sourceTree = BUILT_PRODUCTS_DIR; };
		1555E2692F228E63005C48B7 /* PromtLearnUITests.xctest */ = {isa = PBXFileReference; explicitFileType = wrapper.cfbundle; includeInIndex = 0; path = PromtLearnUITests.xctest; sourceTree = BUILT_PRODUCTS_DIR; };
/* End PBXFileReference section */

/* Begin PBXFileSystemSynchronizedBuildFileExceptionSet section */
		1555E2B12F22908D005C48B7 /* Exceptions for "PromtLearn" folder in "PromtLearn" target */ = {
			isa = PBXFileSystemSynchronizedBuildFileExceptionSet;
			membershipExceptions = (
				Info.plist,
			);
			target = 1555E24C2F228E63005C48B7 /* PromtLearn */;
		};
/* End PBXFileSystemSynchronizedBuildFileExceptionSet section */

/* Begin PBXFileSystemSynchronizedRootGroup section */
		1555E24F2F228E63005C48B7 /* PromtLearn */ = {
			isa = PBXFileSystemSynchronizedRootGroup;
			exceptions = (
				1555E2B12F22908D005C48B7 /* Exceptions for "PromtLearn" folder in "PromtLearn" target */,
			);
			path = PromtLearn;
			sourceTree = "<group>";
		};
		1555E2622F228E63005C48B7 /* PromtLearnTests */ = {
			isa = PBXFileSystemSynchronizedRootGroup;
			path = PromtLearnTests;
			sourceTree = "<group>";
		};
		1555E26C2F228E63005C48B7 /* PromtLearnUITests */ = {
			isa = PBXFileSystemSynchronizedRootGroup;
			path = PromtLearnUITests;
			sourceTree = "<group>";
		};
/* End PBXFileSystemSynchronizedRootGroup section */

/* Begin PBXFrameworksBuildPhase section */
		1555E24A2F228E63005C48B7 /* Frameworks */ = {
			isa = PBXFrameworksBuildPhase;
			buildActionMask = 2147483647;
			files = (
			);
			runOnlyForDeploymentPostprocessing = 0;
		};
		1555E25C2F228E63005C48B7 /* Frameworks */ = {
			isa = PBXFrameworksBuildPhase;
			buildActionMask = 2147483647;
			files = (
			);
			runOnlyForDeploymentPostprocessing = 0;
		};
		1555E2662F228E63005C48B7 /* Frameworks */ = {
			isa = PBXFrameworksBuildPhase;
			buildActionMask = 2147483647;
			files = (
			);
			runOnlyForDeploymentPostprocessing = 0;
		};
/* End PBXFrameworksBuildPhase section */

/* Begin PBXGroup section */
		1555E2442F228E62005C48B7 = {
			isa = PBXGroup;
			children = (
				1555E24F2F228E63005C48B7 /* PromtLearn */,
				1555E2622F228E63005C48B7 /* PromtLearnTests */,
				1555E26C2F228E63005C48B7 /* PromtLearnUITests */,
				1555E24E2F228E63005C48B7 /* Products */,
			);
			sourceTree = "<group>";
		};
		1555E24E2F228E63005C48B7 /* Products */ = {
			isa = PBXGroup;
			children = (
				1555E24D2F228E63005C48B7 /* PromtLearn.app */,
				1555E25F2F228E63005C48B7 /* PromtLearnTests.xctest */,
				1555E2692F228E63005C48B7 /* PromtLearnUITests.xctest */,
			);
			name = Products;
			sourceTree = "<group>";
		};
/* End PBXGroup section */

/* Begin PBXNativeTarget section */
		1555E24C2F228E63005C48B7 /* PromtLearn */ = {
			isa = PBXNativeTarget;
			buildConfigurationList = 1555E2732F228E63005C48B7 /* Build configuration list for PBXNativeTarget "PromtLearn" */;
			buildPhases = (
				1555E2492F228E63005C48B7 /* Sources */,
				1555E24A2F228E63005C48B7 /* Frameworks */,
				1555E24B2F228E63005C48B7 /* Resources */,
			);
			buildRules = (
			);
			dependencies = (
			);
			fileSystemSynchronizedGroups = (
				1555E24F2F228E63005C48B7 /* PromtLearn */,
			);
			name = PromtLearn;
			packageProductDependencies = (
			);
			productName = PromtLearn;
			productReference = 1555E24D2F228E63005C48B7 /* PromtLearn.app */;
			productType = "com.apple.product-type.application";
		};
		1555E25E2F228E63005C48B7 /* PromtLearnTests */ = {
			isa = PBXNativeTarget;
			buildConfigurationList = 1555E2762F228E63005C48B7 /* Build configuration list for PBXNativeTarget "PromtLearnTests" */;
			buildPhases = (
				1555E25B2F228E63005C48B7 /* Sources */,
				1555E25C2F228E63005C48B7 /* Frameworks */,
				1555E25D2F228E63005C48B7 /* Resources */,
			);
			buildRules = (
			);
			dependencies = (
				1555E2612F228E63005C48B7 /* PBXTargetDependency */,
			);
			fileSystemSynchronizedGroups = (
				1555E2622F228E63005C48B7 /* PromtLearnTests */,
			);
			name = PromtLearnTests;
			packageProductDependencies = (
			);
			productName = PromtLearnTests;
			productReference = 1555E25F2F228E63005C48B7 /* PromtLearnTests.xctest */;
			productType = "com.apple.product-type.bundle.unit-test";
		};
		1555E2682F228E63005C48B7 /* PromtLearnUITests */ = {
			isa = PBXNativeTarget;
			buildConfigurationList = 1555E2792F228E63005C48B7 /* Build configuration list for PBXNativeTarget "PromtLearnUITests" */;
			buildPhases = (
				1555E2652F228E63005C48B7 /* Sources */,
				1555E2662F228E63005C48B7 /* Frameworks */,
				1555E2672F228E63005C48B7 /* Resources */,
			);
			buildRules = (
			);
			dependencies = (
				1555E26B2F228E63005C48B7 /* PBXTargetDependency */,
			);
			fileSystemSynchronizedGroups = (
				1555E26C2F228E63005C48B7 /* PromtLearnUITests */,
			);
			name = PromtLearnUITests;
			packageProductDependencies = (
			);
			productName = PromtLearnUITests;
			productReference = 1555E2692F228E63005C48B7 /* PromtLearnUITests.xctest */;
			productType = "com.apple.product-type.bundle.ui-testing";
		};
/* End PBXNativeTarget section */

/* Begin PBXProject section */
		1555E2452F228E62005C48B7 /* Project object */ = {
			isa = PBXProject;
			attributes = {
				BuildIndependentTargetsInParallel = 1;
				LastSwiftUpdateCheck = 1620;
				LastUpgradeCheck = 1620;
				TargetAttributes = {
					1555E24C2F228E63005C48B7 = {
						CreatedOnToolsVersion = 16.2;
					};
					1555E25E2F228E63005C48B7 = {
						CreatedOnToolsVersion = 16.2;
						TestTargetID = 1555E24C2F228E63005C48B7;
					};
					1555E2682F228E63005C48B7 = {
						CreatedOnToolsVersion = 16.2;
						TestTargetID = 1555E24C2F228E63005C48B7;
					};
				};
			};
			buildConfigurationList = 1555E2482F228E62005C48B7 /* Build configuration list for PBXProject "PromtLearn" */;
			developmentRegion = en;
			hasScannedForEncodings = 0;
			knownRegions = (
				en,
				Base,
			);
			mainGroup = 1555E2442F228E62005C48B7;
			minimizedProjectReferenceProxies = 1;
			preferredProjectObjectVersion = 77;
			productRefGroup = 1555E24E2F228E63005C48B7 /* Products */;
			projectDirPath = "";
			projectRoot = "";
			targets = (
				1555E24C2F228E63005C48B7 /* PromtLearn */,
				1555E25E2F228E63005C48B7 /* PromtLearnTests */,
				1555E2682F228E63005C48B7 /* PromtLearnUITests */,
			);
		};
/* End PBXProject section */

/* Begin PBXResourcesBuildPhase section */
		1555E24B2F228E63005C48B7 /* Resources */ = {
			isa = PBXResourcesBuildPhase;
			buildActionMask = 2147483647;
			files = (
			);
			runOnlyForDeploymentPostprocessing = 0;
		};
		1555E25D2F228E63005C48B7 /* Resources */ = {
			isa = PBXResourcesBuildPhase;
			buildActionMask = 2147483647;
			files = (
			);
			runOnlyForDeploymentPostprocessing = 0;
		};
		1555E2672F228E63005C48B7 /* Resources */ = {
			isa = PBXResourcesBuildPhase;
			buildActionMask = 2147483647;
			files = (
			);
			runOnlyForDeploymentPostprocessing = 0;
		};
/* End PBXResourcesBuildPhase section */

/* Begin PBXSourcesBuildPhase section */
		1555E2492F228E63005C48B7 /* Sources */ = {
			isa = PBXSourcesBuildPhase;
			buildActionMask = 2147483647;
			files = (
			);
			runOnlyForDeploymentPostprocessing = 0;
		};
		1555E25B2F228E63005C48B7 /* Sources */ = {
			isa = PBXSourcesBuildPhase;
			buildActionMask = 2147483647;
			files = (
			);
			runOnlyForDeploymentPostprocessing = 0;
		};
		1555E2652F228E63005C48B7 /* Sources */ = {
			isa = PBXSourcesBuildPhase;
			buildActionMask = 2147483647;
			files = (
			);
			runOnlyForDeploymentPostprocessing = 0;
		};
/* End PBXSourcesBuildPhase section */

/* Begin PBXTargetDependency section */
		1555E2612F228E63005C48B7 /* PBXTargetDependency */ = {
			isa = PBXTargetDependency;
			target = 1555E24C2F228E63005C48B7 /* PromtLearn */;
			targetProxy = 1555E2602F228E63005C48B7 /* PBXContainerItemProxy */;
		};
		1555E26B2F228E63005C48B7 /* PBXTargetDependency */ = {
			isa = PBXTargetDependency;
			target = 1555E24C2F228E63005C48B7 /* PromtLearn */;
			targetProxy = 1555E26A2F228E63005C48B7 /* PBXContainerItemProxy */;
		};
/* End PBXTargetDependency section */

/* Begin XCBuildConfiguration section */
		1555E2712F228E63005C48B7 /* Debug */ = {
			isa = XCBuildConfiguration;
			buildSettings = {
				ALWAYS_SEARCH_USER_PATHS = NO;
				ASSETCATALOG_COMPILER_GENERATE_SWIFT_ASSET_SYMBOL_EXTENSIONS = YES;
				CLANG_ANALYZER_NONNULL = YES;
				CLANG_ANALYZER_NUMBER_OBJECT_CONVERSION = YES_AGGRESSIVE;
				CLANG_CXX_LANGUAGE_STANDARD = "gnu++20";
				CLANG_ENABLE_MODULES = YES;
				CLANG_ENABLE_OBJC_ARC = YES;
				CLANG_ENABLE_OBJC_WEAK = YES;
				CLANG_WARN_BLOCK_CAPTURE_AUTORELEASING = YES;
				CLANG_WARN_BOOL_CONVERSION = YES;
				CLANG_WARN_COMMA = YES;
				CLANG_WARN_CONSTANT_CONVERSION = YES;
				CLANG_WARN_DEPRECATED_OBJC_IMPLEMENTATIONS = YES;
				CLANG_WARN_DIRECT_OBJC_ISA_USAGE = YES_ERROR;
				CLANG_WARN_DOCUMENTATION_COMMENTS = YES;
				CLANG_WARN_EMPTY_BODY = YES;
				CLANG_WARN_ENUM_CONVERSION = YES;
				CLANG_WARN_INFINITE_RECURSION = YES;
				CLANG_WARN_INT_CONVERSION = YES;
				CLANG_WARN_NON_LITERAL_NULL_CONVERSION = YES;
				CLANG_WARN_OBJC_IMPLICIT_RETAIN_SELF = YES;
				CLANG_WARN_OBJC_LITERAL_CONVERSION = YES;
				CLANG_WARN_OBJC_ROOT_CLASS = YES_ERROR;
				CLANG_WARN_QUOTED_INCLUDE_IN_FRAMEWORK_HEADER = YES;
				CLANG_WARN_RANGE_LOOP_ANALYSIS = YES;
				CLANG_WARN_STRICT_PROTOTYPES = YES;
				CLANG_WARN_SUSPICIOUS_MOVE = YES;
				CLANG_WARN_UNGUARDED_AVAILABILITY = YES_AGGRESSIVE;
				CLANG_WARN_UNREACHABLE_CODE = YES;
				CLANG_WARN__DUPLICATE_METHOD_MATCH = YES;
				COPY_PHASE_STRIP = NO;
				DEBUG_INFORMATION_FORMAT = dwarf;
				ENABLE_STRICT_OBJC_MSGSEND = YES;
				ENABLE_TESTABILITY = YES;
				ENABLE_USER_SCRIPT_SANDBOXING = YES;
				GCC_C_LANGUAGE_STANDARD = gnu17;
				GCC_DYNAMIC_NO_PIC = NO;
				GCC_NO_COMMON_BLOCKS = YES;
				GCC_OPTIMIZATION_LEVEL = 0;
				GCC_PREPROCESSOR_DEFINITIONS = (
					"DEBUG=1",
					"$(inherited)",
				);
				GCC_WARN_64_TO_32_BIT_CONVERSION = YES;
				GCC_WARN_ABOUT_RETURN_TYPE = YES_ERROR;
				GCC_WARN_UNDECLARED_SELECTOR = YES;
				GCC_WARN_UNINITIALIZED_AUTOS = YES_AGGRESSIVE;
				GCC_WARN_UNUSED_FUNCTION = YES;
				GCC_WARN_UNUSED_VARIABLE = YES;
				IPHONEOS_DEPLOYMENT_TARGET = 18.2;
				LOCALIZATION_PREFERS_STRING_CATALOGS = YES;
				MTL_ENABLE_DEBUG_INFO = INCLUDE_SOURCE;
				MTL_FAST_MATH = YES;
				ONLY_ACTIVE_ARCH = YES;
				SDKROOT = iphoneos;
				SWIFT_ACTIVE_COMPILATION_CONDITIONS = "DEBUG $(inherited)";
				SWIFT_OPTIMIZATION_LEVEL = "-Onone";
			};
			name = Debug;
		};
		1555E2722F228E63005C48B7 /* Release */ = {
			isa = XCBuildConfiguration;
			buildSettings = {
				ALWAYS_SEARCH_USER_PATHS = NO;
				ASSETCATALOG_COMPILER_GENERATE_SWIFT_ASSET_SYMBOL_EXTENSIONS = YES;
				CLANG_ANALYZER_NONNULL = YES;
				CLANG_ANALYZER_NUMBER_OBJECT_CONVERSION = YES_AGGRESSIVE;
				CLANG_CXX_LANGUAGE_STANDARD = "gnu++20";
				CLANG_ENABLE_MODULES = YES;
				CLANG_ENABLE_OBJC_ARC = YES;
				CLANG_ENABLE_OBJC_WEAK = YES;
				CLANG_WARN_BLOCK_CAPTURE_AUTORELEASING = YES;
				CLANG_WARN_BOOL_CONVERSION = YES;
				CLANG_WARN_COMMA = YES;
				CLANG_WARN_CONSTANT_CONVERSION = YES;
				CLANG_WARN_DEPRECATED_OBJC_IMPLEMENTATIONS = YES;
				CLANG_WARN_DIRECT_OBJC_ISA_USAGE = YES_ERROR;
				CLANG_WARN_DOCUMENTATION_COMMENTS = YES;
				CLANG_WARN_EMPTY_BODY = YES;
				CLANG_WARN_ENUM_CONVERSION = YES;
				CLANG_WARN_INFINITE_RECURSION = YES;
				CLANG_WARN_INT_CONVERSION = YES;
				CLANG_WARN_NON_LITERAL_NULL_CONVERSION = YES;
				CLANG_WARN_OBJC_IMPLICIT_RETAIN_SELF = YES;
				CLANG_WARN_OBJC_LITERAL_CONVERSION = YES;
				CLANG_WARN_OBJC_ROOT_CLASS = YES_ERROR;
				CLANG_WARN_QUOTED_INCLUDE_IN_FRAMEWORK_HEADER = YES;
				CLANG_WARN_RANGE_LOOP_ANALYSIS = YES;
				CLANG_WARN_STRICT_PROTOTYPES = YES;
				CLANG_WARN_SUSPICIOUS_MOVE = YES;
				CLANG_WARN_UNGUARDED_AVAILABILITY = YES_AGGRESSIVE;
				CLANG_WARN_UNREACHABLE_CODE = YES;
				CLANG_WARN__DUPLICATE_METHOD_MATCH = YES;
				COPY_PHASE_STRIP = NO;
				DEBUG_INFORMATION_FORMAT = "dwarf-with-dsym";
				ENABLE_NS_ASSERTIONS = NO;
				ENABLE_STRICT_OBJC_MSGSEND = YES;
				ENABLE_USER_SCRIPT_SANDBOXING = YES;
				GCC_C_LANGUAGE_STANDARD = gnu17;
				GCC_NO_COMMON_BLOCKS = YES;
				GCC_WARN_64_TO_32_BIT_CONVERSION = YES;
				GCC_WARN_ABOUT_RETURN_TYPE = YES_ERROR;
				GCC_WARN_UNDECLARED_SELECTOR = YES;
				GCC_WARN_UNINITIALIZED_AUTOS = YES_AGGRESSIVE;
				GCC_WARN_UNUSED_FUNCTION = YES;
				GCC_WARN_UNUSED_VARIABLE = YES;
				IPHONEOS_DEPLOYMENT_TARGET = 18.2;
				LOCALIZATION_PREFERS_STRING_CATALOGS = YES;
				MTL_ENABLE_DEBUG_INFO = NO;
				MTL_FAST_MATH = YES;
				SDKROOT = iphoneos;
				SWIFT_COMPILATION_MODE = wholemodule;
				VALIDATE_PRODUCT = YES;
			};
			name = Release;
		};
		1555E2742F228E63005C48B7 /* Debug */ = {
			isa = XCBuildConfiguration;
			buildSettings = {
				ASSETCATALOG_COMPILER_APPICON_NAME = AppIcon;
				ASSETCATALOG_COMPILER_GLOBAL_ACCENT_COLOR_NAME = AccentColor;
				CODE_SIGN_STYLE = Automatic;
				CURRENT_PROJECT_VERSION = 1;
				DEVELOPMENT_ASSET_PATHS = "\"PromtLearn/Preview Content\"";
				DEVELOPMENT_TEAM = BS73HLR48X;
				ENABLE_PREVIEWS = YES;
				GENERATE_INFOPLIST_FILE = YES;
				INFOPLIST_KEY_UIApplicationSceneManifest_Generation = YES;
				INFOPLIST_KEY_UIApplicationSupportsIndirectInputEvents = YES;
				INFOPLIST_KEY_UILaunchScreen_Generation = YES;
				INFOPLIST_KEY_UISupportedInterfaceOrientations_iPad = "UIInterfaceOrientationPortrait UIInterfaceOrientationPortraitUpsideDown UIInterfaceOrientationLandscapeLeft UIInterfaceOrientationLandscapeRight";
				INFOPLIST_KEY_UISupportedInterfaceOrientations_iPhone = "UIInterfaceOrientationPortrait UIInterfaceOrientationLandscapeLeft UIInterfaceOrientationLandscapeRight";
				LD_RUNPATH_SEARCH_PATHS = (
					"$(inherited)",
					"@executable_path/Frameworks",
				);
				MARKETING_VERSION = 1.0;
				PRODUCT_BUNDLE_IDENTIFIER = Nav.PromtLearn;
				PRODUCT_NAME = "$(TARGET_NAME)";
				SWIFT_EMIT_LOC_STRINGS = YES;
				SWIFT_VERSION = 5.0;
				TARGETED_DEVICE_FAMILY = "1,2";
			};
			name = Debug;
		};
		1555E2752F228E63005C48B7 /* Release */ = {
			isa = XCBuildConfiguration;
			buildSettings = {
				ASSETCATALOG_COMPILER_APPICON_NAME = AppIcon;
				ASSETCATALOG_COMPILER_GLOBAL_ACCENT_COLOR_NAME = AccentColor;
				CODE_SIGN_STYLE = Automatic;
				CURRENT_PROJECT_VERSION = 1;
				DEVELOPMENT_ASSET_PATHS = "\"PromtLearn/Preview Content\"";
				DEVELOPMENT_TEAM = BS73HLR48X;
				ENABLE_PREVIEWS = YES;
				GENERATE_INFOPLIST_FILE = YES;
				INFOPLIST_KEY_UIApplicationSceneManifest_Generation = YES;
				INFOPLIST_KEY_UIApplicationSupportsIndirectInputEvents = YES;
				INFOPLIST_KEY_UILaunchScreen_Generation = YES;
				INFOPLIST_KEY_UISupportedInterfaceOrientations_iPad = "UIInterfaceOrientationPortrait UIInterfaceOrientationPortraitUpsideDown UIInterfaceOrientationLandscapeLeft UIInterfaceOrientationLandscapeRight";
				INFOPLIST_KEY_UISupportedInterfaceOrientations_iPhone = "UIInterfaceOrientationPortrait UIInterfaceOrientationLandscapeLeft UIInterfaceOrientationLandscapeRight";
				LD_RUNPATH_SEARCH_PATHS = (
					"$(inherited)",
					"@executable_path/Frameworks",
				);
				MARKETING_VERSION = 1.0;
				PRODUCT_BUNDLE_IDENTIFIER = Nav.PromtLearn;
				PRODUCT_NAME = "$(TARGET_NAME)";
				SWIFT_EMIT_LOC_STRINGS = YES;
				SWIFT_VERSION = 5.0;
				TARGETED_DEVICE_FAMILY = "1,2";
			};
			name = Release;
		};
		1555E2772F228E63005C48B7 /* Debug */ = {
			isa = XCBuildConfiguration;
			buildSettings = {
				BUNDLE_LOADER = "$(TEST_HOST)";
				CODE_SIGN_STYLE = Automatic;
				CURRENT_PROJECT_VERSION = 1;
				DEVELOPMENT_TEAM = BS73HLR48X;
				GENERATE_INFOPLIST_FILE = YES;
				IPHONEOS_DEPLOYMENT_TARGET = 18.2;
				MARKETING_VERSION = 1.0;
				PRODUCT_BUNDLE_IDENTIFIER = Nav.PromtLearnTests;
				PRODUCT_NAME = "$(TARGET_NAME)";
				SWIFT_EMIT_LOC_STRINGS = NO;
				SWIFT_VERSION = 5.0;
				TARGETED_DEVICE_FAMILY = "1,2";
				TEST_HOST = "$(BUILT_PRODUCTS_DIR)/PromtLearn.app/$(BUNDLE_EXECUTABLE_FOLDER_PATH)/PromtLearn";
			};
			name = Debug;
		};
		1555E2782F228E63005C48B7 /* Release */ = {
			isa = XCBuildConfiguration;
			buildSettings = {
				BUNDLE_LOADER = "$(TEST_HOST)";
				CODE_SIGN_STYLE = Automatic;
				CURRENT_PROJECT_VERSION = 1;
				DEVELOPMENT_TEAM = BS73HLR48X;
				GENERATE_INFOPLIST_FILE = YES;
				IPHONEOS_DEPLOYMENT_TARGET = 18.2;
				MARKETING_VERSION = 1.0;
				PRODUCT_BUNDLE_IDENTIFIER = Nav.PromtLearnTests;
				PRODUCT_NAME = "$(TARGET_NAME)";
				SWIFT_EMIT_LOC_STRINGS = NO;
				SWIFT_VERSION = 5.0;
				TARGETED_DEVICE_FAMILY = "1,2";
				TEST_HOST = "$(BUILT_PRODUCTS_DIR)/PromtLearn.app/$(BUNDLE_EXECUTABLE_FOLDER_PATH)/PromtLearn";
			};
			name = Release;
		};
		1555E27A2F228E63005C48B7 /* Debug */ = {
			isa = XCBuildConfiguration;
			buildSettings = {
				CODE_SIGN_STYLE = Automatic;
				CURRENT_PROJECT_VERSION = 1;
				DEVELOPMENT_TEAM = BS73HLR48X;
				GENERATE_INFOPLIST_FILE = YES;
				MARKETING_VERSION = 1.0;
				PRODUCT_BUNDLE_IDENTIFIER = Nav.PromtLearnUITests;
				PRODUCT_NAME = "$(TARGET_NAME)";
				SWIFT_EMIT_LOC_STRINGS = NO;
				SWIFT_VERSION = 5.0;
				TARGETED_DEVICE_FAMILY = "1,2";
				TEST_TARGET_NAME = PromtLearn;
			};
			name = Debug;
		};
		1555E27B2F228E63005C48B7 /* Release */ = {
			isa = XCBuildConfiguration;
			buildSettings = {
				CODE_SIGN_STYLE = Automatic;
				CURRENT_PROJECT_VERSION = 1;
				DEVELOPMENT_TEAM = BS73HLR48X;
				GENERATE_INFOPLIST_FILE = YES;
				MARKETING_VERSION = 1.0;
				PRODUCT_BUNDLE_IDENTIFIER = Nav.PromtLearnUITests;
				PRODUCT_NAME = "$(TARGET_NAME)";
				SWIFT_EMIT_LOC_STRINGS = NO;
				SWIFT_VERSION = 5.0;
				TARGETED_DEVICE_FAMILY = "1,2";
				TEST_TARGET_NAME = PromtLearn;
			};
			name = Release;
		};
/* End XCBuildConfiguration section */

/* Begin XCConfigurationList section */
		1555E2482F228E62005C48B7 /* Build configuration list for PBXProject "PromtLearn" */ = {
			isa = XCConfigurationList;
			buildConfigurations = (
				1555E2712F228E63005C48B7 /* Debug */,
				1555E2722F228E63005C48B7 /* Release */,
			);
			defaultConfigurationIsVisible = 0;
			defaultConfigurationName = Release;
		};
		1555E2732F228E63005C48B7 /* Build configuration list for PBXNativeTarget "PromtLearn" */ = {
			isa = XCConfigurationList;
			buildConfigurations = (
				1555E2742F228E63005C48B7 /* Debug */,
				1555E2752F228E63005C48B7 /* Release */,
			);
			defaultConfigurationIsVisible = 0;
			defaultConfigurationName = Release;
		};
		1555E2762F228E63005C48B7 /* Build configuration list for PBXNativeTarget "PromtLearnTests" */ = {
			isa = XCConfigurationList;
			buildConfigurations = (
				1555E2772F228E63005C48B7 /* Debug */,
				1555E2782F228E63005C48B7 /* Release */,
			);
			defaultConfigurationIsVisible = 0;
			defaultConfigurationName = Release;
		};
		1555E2792F228E63005C48B7 /* Build configuration list for PBXNativeTarget "PromtLearnUITests" */ = {
			isa = XCConfigurationList;
			buildConfigurations = (
				1555E27A2F228E63005C48B7 /* Debug */,
				1555E27B2F228E63005C48B7 /* Release */,
			);
			defaultConfigurationIsVisible = 0;
			defaultConfigurationName = Release;
		};
/* End XCConfigurationList section */
	};
	rootObject = 1555E2452F228E62005C48B7 /* Project object */;
}
